{
  "name": "pi-extensions",
  "lockfileVersion": 3,
  "requires": true,
  "packages": {
    "": {
      "name": "pi-extensions",
      "dependencies": {
        "@nicknisi/pi-cloak": "^0.1.2"
      }
    },
    "node_modules/@nicknisi/pi-cloak": {
      "version": "0.1.2",
      "resolved": "https://registry.npmjs.org/@nicknisi/pi-cloak/-/pi-cloak-0.1.2.tgz",
      "integrity": "sha512-kc3DYFWt6qJjCfufbEwGDx4Qfu9CDAgMPLjdDrRtYnLePyhSfp6qokdqjzzall0ZxnEOoTjVRa3TkQpp9Mkrqg==",
      "license": "MIT",
      "peerDependencies": {
        "@earendil-works/pi-coding-agent": "*"
      }
    }
  }
}
